
Microsoft Visual Studio Solution File, Format Version 12.00
# Visual Studio 15
VisualStudioVersion = 15.0.28010.2016
MinimumVisualStudioVersion = 10.0.40219.1
Project("{888888A0-9F3D-457C-B088-3A5042F75D52}") = "prac0918", "prac0918.pyproj", "{DFCA7354-68E0-4D45-BFF9-52AE9A304F1C}"
EndProject
Global
	GlobalSection(SolutionConfigurationPlatforms) = preSolution
		Debug|Any CPU = Debug|Any CPU
		Release|Any CPU = Release|Any CPU
	EndGlobalSection
	GlobalSection(ProjectConfigurationPlatforms) = postSolution
		{DFCA7354-68E0-4D45-BFF9-52AE9A304F1C}.Debug|Any CPU.ActiveCfg = Debug|Any CPU
		{DFCA7354-68E0-4D45-BFF9-52AE9A304F1C}.Release|Any CPU.ActiveCfg = Release|Any CPU
	EndGlobalSection
	GlobalSection(SolutionProperties) = preSolution
		HideSolutionNode = FALSE
	EndGlobalSection
	GlobalSection(ExtensibilityGlobals) = postSolution
		SolutionGuid = {D5B6F920-E514-408F-BC13-055CD6BF6C47}
	EndGlobalSection
EndGlobal
